// !$*UTF8*$!
{
	archiveVersion = 1;
	classes = {
	};
	objectVersion = 46;
	objects = {

/* Begin PBXBuildFile section */
		6301AD801DC8938B006A1E7E /* Framework.h in Headers */ = {isa = PBXBuildFile; fileRef = 6301AD7E1DC8938B006A1E7E /* Framework.h */; settings = {ATTRIBUTES = (Public, ); }; };
		6301ADB11DC89560006A1E7E /* Foo.swift in Sources */ = {isa = PBXBuildFile; fileRef = 6301ADB01DC89560006A1E7E /* Foo.swift */; };
/* End PBXBuildFile section */

/* Begin PBXFileReference section */
		6301AD7B1DC8938B006A1E7E /* Framework.framework */ = {isa = PBXFileReference; explicitFileType = wrapper.framework; includeInIndex = 0; path = Framework.framework; sourceTree = BUILT_PRODUCTS_DIR; };
		6301AD7E1DC8938B006A1E7E /* Framework.h */ = {isa = PBXFileReference; lastKnownFileType = sourcecode.c.h; path = Framework.h; sourceTree = "<group>"; };
		6301AD7F1DC8938B006A1E7E /* Info.plist */ = {isa = PBXFileReference; lastKnownFileType = text.plist.xml; path = Info.plist; sourceTree = "<group>"; };
		6301AD881DC89474006A1E7E /* Debug.xcconfig */ = {isa = PBXFileReference; lastKnownFileType = text.xcconfig; path = Debug.xcconfig; sourceTree = "<group>"; };
		6301AD8B1DC89474006A1E7E /* iOS Application.xcconfig */ = {isa = PBXFileReference; lastKnownFileType = text.xcconfig; path = "iOS Application.xcconfig"; sourceTree = "<group>"; };
		6301AD8C1DC89474006A1E7E /* iOS Bundle.xcconfig */ = {isa = PBXFileReference; lastKnownFileType = text.xcconfig; path = "iOS Bundle.xcconfig"; sourceTree = "<group>"; };
		6301AD8D1DC89474006A1E7E /* iOS Extension.xcconfig */ = {isa = PBXFileReference; lastKnownFileType = text.xcconfig; path = "iOS Extension.xcconfig"; sourceTree = "<group>"; };
		6301AD8E1DC89474006A1E7E /* iOS Framework.xcconfig */ = {isa = PBXFileReference; lastKnownFileType = text.xcconfig; path = "iOS Framework.xcconfig"; sourceTree = "<group>"; };
		6301AD8F1DC89474006A1E7E /* iOS Static Library.xcconfig */ = {isa = PBXFileReference; lastKnownFileType = text.xcconfig; path = "iOS Static Library.xcconfig"; sourceTree = "<group>"; };
		6301AD901DC89474006A1E7E /* iOS Tests.xcconfig */ = {isa = PBXFileReference; lastKnownFileType = text.xcconfig; path = "iOS Tests.xcconfig"; sourceTree = "<group>"; };
		6301AD911DC89474006A1E7E /* iOS UI Tests.xcconfig */ = {isa = PBXFileReference; lastKnownFileType = text.xcconfig; path = "iOS UI Tests.xcconfig"; sourceTree = "<group>"; };
		6301AD921DC89474006A1E7E /* iOS.xcconfig */ = {isa = PBXFileReference; lastKnownFileType = text.xcconfig; path = iOS.xcconfig; sourceTree = "<group>"; };
		6301AD941DC89474006A1E7E /* macOS Application.xcconfig */ = {isa = PBXFileReference; lastKnownFileType = text.xcconfig; path = "macOS Application.xcconfig"; sourceTree = "<group>"; };
		6301AD951DC89474006A1E7E /* macOS Extension.xcconfig */ = {isa = PBXFileReference; lastKnownFileType = text.xcconfig; path = "macOS Extension.xcconfig"; sourceTree = "<group>"; };
		6301AD961DC89474006A1E7E /* macOS Framework.xcconfig */ = {isa = PBXFileReference; lastKnownFileType = text.xcconfig; path = "macOS Framework.xcconfig"; sourceTree = "<group>"; };
		6301AD971DC89474006A1E7E /* macOS Tests.xcconfig */ = {isa = PBXFileReference; lastKnownFileType = text.xcconfig; path = "macOS Tests.xcconfig"; sourceTree = "<group>"; };
		6301AD981DC89474006A1E7E /* macOS UI Tests.xcconfig */ = {isa = PBXFileReference; lastKnownFileType = text.xcconfig; path = "macOS UI Tests.xcconfig"; sourceTree = "<group>"; };
		6301AD991DC89474006A1E7E /* macOS.xcconfig */ = {isa = PBXFileReference; lastKnownFileType = text.xcconfig; path = macOS.xcconfig; sourceTree = "<group>"; };
		6301AD9A1DC89474006A1E7E /* Release.xcconfig */ = {isa = PBXFileReference; lastKnownFileType = text.xcconfig; path = Release.xcconfig; sourceTree = "<group>"; };
		6301AD9C1DC89474006A1E7E /* Shared Application.xcconfig */ = {isa = PBXFileReference; lastKnownFileType = text.xcconfig; path = "Shared Application.xcconfig"; sourceTree = "<group>"; };
		6301AD9D1DC89474006A1E7E /* Shared Extension.xcconfig */ = {isa = PBXFileReference; lastKnownFileType = text.xcconfig; path = "Shared Extension.xcconfig"; sourceTree = "<group>"; };
		6301AD9E1DC89474006A1E7E /* Shared Framework.xcconfig */ = {isa = PBXFileReference; lastKnownFileType = text.xcconfig; path = "Shared Framework.xcconfig"; sourceTree = "<group>"; };
		6301AD9F1DC89474006A1E7E /* Shared Tests.xcconfig */ = {isa = PBXFileReference; lastKnownFileType = text.xcconfig; path = "Shared Tests.xcconfig"; sourceTree = "<group>"; };
		6301ADA01DC89474006A1E7E /* Shared UI Tests.xcconfig */ = {isa = PBXFileReference; lastKnownFileType = text.xcconfig; path = "Shared UI Tests.xcconfig"; sourceTree = "<group>"; };
		6301ADA11DC89474006A1E7E /* Shared.xcconfig */ = {isa = PBXFileReference; lastKnownFileType = text.xcconfig; path = Shared.xcconfig; sourceTree = "<group>"; };
		6301ADA31DC89474006A1E7E /* tvOS Application.xcconfig */ = {isa = PBXFileReference; lastKnownFileType = text.xcconfig; path = "tvOS Application.xcconfig"; sourceTree = "<group>"; };
		6301ADA41DC89474006A1E7E /* tvOS Extension.xcconfig */ = {isa = PBXFileReference; lastKnownFileType = text.xcconfig; path = "tvOS Extension.xcconfig"; sourceTree = "<group>"; };
		6301ADA51DC89474006A1E7E /* tvOS Framework.xcconfig */ = {isa = PBXFileReference; lastKnownFileType = text.xcconfig; path = "tvOS Framework.xcconfig"; sourceTree = "<group>"; };
		6301ADA61DC89474006A1E7E /* tvOS Tests.xcconfig */ = {isa = PBXFileReference; lastKnownFileType = text.xcconfig; path = "tvOS Tests.xcconfig"; sourceTree = "<group>"; };
		6301ADA71DC89474006A1E7E /* tvOS UI Tests.xcconfig */ = {isa = PBXFileReference; lastKnownFileType = text.xcconfig; path = "tvOS UI Tests.xcconfig"; sourceTree = "<group>"; };
		6301ADA81DC89474006A1E7E /* tvOS.xcconfig */ = {isa = PBXFileReference; lastKnownFileType = text.xcconfig; path = tvOS.xcconfig; sourceTree = "<group>"; };
		6301ADAA1DC89474006A1E7E /* watchOS Application.xcconfig */ = {isa = PBXFileReference; lastKnownFileType = text.xcconfig; path = "watchOS Application.xcconfig"; sourceTree = "<group>"; };
		6301ADAB1DC89474006A1E7E /* watchOS Extension.xcconfig */ = {isa = PBXFileReference; lastKnownFileType = text.xcconfig; path = "watchOS Extension.xcconfig"; sourceTree = "<group>"; };
		6301ADAC1DC89474006A1E7E /* watchOS Framework.xcconfig */ = {isa = PBXFileReference; lastKnownFileType = text.xcconfig; path = "watchOS Framework.xcconfig"; sourceTree = "<group>"; };
		6301ADAD1DC89474006A1E7E /* watchOS.xcconfig */ = {isa = PBXFileReference; lastKnownFileType = text.xcconfig; path = watchOS.xcconfig; sourceTree = "<group>"; };
		6301ADB01DC89560006A1E7E /* Foo.swift */ = {isa = PBXFileReference; fileEncoding = 4; lastKnownFileType = sourcecode.swift; path = Foo.swift; sourceTree = "<group>"; };
/* End PBXFileReference section */

/* Begin PBXFrameworksBuildPhase section */
		6301AD771DC8938B006A1E7E /* Frameworks */ = {
			isa = PBXFrameworksBuildPhase;
			buildActionMask = 2147483647;
			files = (
			);
			runOnlyForDeploymentPostprocessing = 0;
		};
/* End PBXFrameworksBuildPhase section */

/* Begin PBXGroup section */
		6301AD711DC8938B006A1E7E = {
			isa = PBXGroup;
			children = (
				6301AD7D1DC8938B006A1E7E /* Framework */,
				6301AD861DC89474006A1E7E /* Configurations */,
				6301AD7C1DC8938B006A1E7E /* Products */,
			);
			sourceTree = "<group>";
		};
		6301AD7C1DC8938B006A1E7E /* Products */ = {
			isa = PBXGroup;
			children = (
				6301AD7B1DC8938B006A1E7E /* Framework.framework */,
			);
			name = Products;
			sourceTree = "<group>";
		};
		6301AD7D1DC8938B006A1E7E /* Framework */ = {
			isa = PBXGroup;
			children = (
				6301AD7E1DC8938B006A1E7E /* Framework.h */,
				6301ADB01DC89560006A1E7E /* Foo.swift */,
				6301AD7F1DC8938B006A1E7E /* Info.plist */,
			);
			path = Framework;
			sourceTree = "<group>";
		};
		6301AD861DC89474006A1E7E /* Configurations */ = {
			isa = PBXGroup;
			children = (
				6301AD881DC89474006A1E7E /* Debug.xcconfig */,
				6301AD9A1DC89474006A1E7E /* Release.xcconfig */,
				6301AD8A1DC89474006A1E7E /* iOS */,
				6301AD931DC89474006A1E7E /* macOS */,
				6301AD9B1DC89474006A1E7E /* Shared */,
				6301ADA21DC89474006A1E7E /* tvOS */,
				6301ADA91DC89474006A1E7E /* watchOS */,
			);
			path = Configurations;
			sourceTree = "<group>";
		};
		6301AD8A1DC89474006A1E7E /* iOS */ = {
			isa = PBXGroup;
			children = (
				6301AD8B1DC89474006A1E7E /* iOS Application.xcconfig */,
				6301AD8C1DC89474006A1E7E /* iOS Bundle.xcconfig */,
				6301AD8D1DC89474006A1E7E /* iOS Extension.xcconfig */,
				6301AD8E1DC89474006A1E7E /* iOS Framework.xcconfig */,
				6301AD8F1DC89474006A1E7E /* iOS Static Library.xcconfig */,
				6301AD901DC89474006A1E7E /* iOS Tests.xcconfig */,
				6301AD911DC89474006A1E7E /* iOS UI Tests.xcconfig */,
				6301AD921DC89474006A1E7E /* iOS.xcconfig */,
			);
			path = iOS;
			sourceTree = "<group>";
		};
		6301AD931DC89474006A1E7E /* macOS */ = {
			isa = PBXGroup;
			children = (
				6301AD941DC89474006A1E7E /* macOS Application.xcconfig */,
				6301AD951DC89474006A1E7E /* macOS Extension.xcconfig */,
				6301AD961DC89474006A1E7E /* macOS Framework.xcconfig */,
				6301AD971DC89474006A1E7E /* macOS Tests.xcconfig */,
				6301AD981DC89474006A1E7E /* macOS UI Tests.xcconfig */,
				6301AD991DC89474006A1E7E /* macOS.xcconfig */,
			);
			path = macOS;
			sourceTree = "<group>";
		};
		6301AD9B1DC89474006A1E7E /* Shared */ = {
			isa = PBXGroup;
			children = (
				6301AD9C1DC89474006A1E7E /* Shared Application.xcconfig */,
				6301AD9D1DC89474006A1E7E /* Shared Extension.xcconfig */,
				6301AD9E1DC89474006A1E7E /* Shared Framework.xcconfig */,
				6301AD9F1DC89474006A1E7E /* Shared Tests.xcconfig */,
				6301ADA01DC89474006A1E7E /* Shared UI Tests.xcconfig */,
				6301ADA11DC89474006A1E7E /* Shared.xcconfig */,
			);
			path = Shared;
			sourceTree = "<group>";
		};
		6301ADA21DC89474006A1E7E /* tvOS */ = {
			isa = PBXGroup;
			children = (
				6301ADA31DC89474006A1E7E /* tvOS Application.xcconfig */,
				6301ADA41DC89474006A1E7E /* tvOS Extension.xcconfig */,
				6301ADA51DC89474006A1E7E /* tvOS Framework.xcconfig */,
				6301ADA61DC89474006A1E7E /* tvOS Tests.xcconfig */,
				6301ADA71DC89474006A1E7E /* tvOS UI Tests.xcconfig */,
				6301ADA81DC89474006A1E7E /* tvOS.xcconfig */,
			);
			path = tvOS;
			sourceTree = "<group>";
		};
		6301ADA91DC89474006A1E7E /* watchOS */ = {
			isa = PBXGroup;
			children = (
				6301ADAA1DC89474006A1E7E /* watchOS Application.xcconfig */,
				6301ADAB1DC89474006A1E7E /* watchOS Extension.xcconfig */,
				6301ADAC1DC89474006A1E7E /* watchOS Framework.xcconfig */,
				6301ADAD1DC89474006A1E7E /* watchOS.xcconfig */,
			);
			path = watchOS;
			sourceTree = "<group>";
		};
/* End PBXGroup section */

/* Begin PBXHeadersBuildPhase section */
		6301AD781DC8938B006A1E7E /* Headers */ = {
			isa = PBXHeadersBuildPhase;
			buildActionMask = 2147483647;
			files = (
				6301AD801DC8938B006A1E7E /* Framework.h in Headers */,
			);
			runOnlyForDeploymentPostprocessing = 0;
		};
/* End PBXHeadersBuildPhase section */

/* Begin PBXNativeTarget section */
		6301AD7A1DC8938B006A1E7E /* Framework */ = {
			isa = PBXNativeTarget;
			buildConfigurationList = 6301AD831DC8938B006A1E7E /* Build configuration list for PBXNativeTarget "Framework" */;
			buildPhases = (
				6301AD761DC8938B006A1E7E /* Sources */,
				6301AD771DC8938B006A1E7E /* Frameworks */,
				6301AD781DC8938B006A1E7E /* Headers */,
				6301AD791DC8938B006A1E7E /* Resources */,
			);
			buildRules = (
			);
			dependencies = (
			);
			name = Framework;
			productName = Framework;
			productReference = 6301AD7B1DC8938B006A1E7E /* Framework.framework */;
			productType = "com.apple.product-type.framework";
		};
/* End PBXNativeTarget section */

/* Begin PBXProject section */
		6301AD721DC8938B006A1E7E /* Project object */ = {
			isa = PBXProject;
			attributes = {
				LastUpgradeCheck = 0810;
				ORGANIZATIONNAME = "Daniel Tull";
				TargetAttributes = {
					6301AD7A1DC8938B006A1E7E = {
						CreatedOnToolsVersion = 8.1;
						LastSwiftMigration = 0810;
						ProvisioningStyle = Automatic;
					};
				};
			};
			buildConfigurationList = 6301AD751DC8938B006A1E7E /* Build configuration list for PBXProject "Framework" */;
			compatibilityVersion = "Xcode 3.2";
			developmentRegion = English;
			hasScannedForEncodings = 0;
			knownRegions = (
				en,
			);
			mainGroup = 6301AD711DC8938B006A1E7E;
			productRefGroup = 6301AD7C1DC8938B006A1E7E /* Products */;
			projectDirPath = "";
			projectRoot = "";
			targets = (
				6301AD7A1DC8938B006A1E7E /* Framework */,
			);
		};
/* End PBXProject section */

/* Begin PBXResourcesBuildPhase section */
		6301AD791DC8938B006A1E7E /* Resources */ = {
			isa = PBXResourcesBuildPhase;
			buildActionMask = 2147483647;
			files = (
			);
			runOnlyForDeploymentPostprocessing = 0;
		};
/* End PBXResourcesBuildPhase section */

/* Begin PBXSourcesBuildPhase section */
		6301AD761DC8938B006A1E7E /* Sources */ = {
			isa = PBXSourcesBuildPhase;
			buildActionMask = 2147483647;
			files = (
				6301ADB11DC89560006A1E7E /* Foo.swift in Sources */,
			);
			runOnlyForDeploymentPostprocessing = 0;
		};
/* End PBXSourcesBuildPhase section */

/* Begin XCBuildConfiguration section */
		6301AD811DC8938B006A1E7E /* Debug */ = {
			isa = XCBuildConfiguration;
			baseConfigurationReference = 6301AD881DC89474006A1E7E /* Debug.xcconfig */;
			buildSettings = {
				SWIFT_VERSION = 3.0;
			};
			name = Debug;
		};
		6301AD821DC8938B006A1E7E /* Release */ = {
			isa = XCBuildConfiguration;
			baseConfigurationReference = 6301AD9A1DC89474006A1E7E /* Release.xcconfig */;
			buildSettings = {
				SWIFT_VERSION = 3.0;
			};
			name = Release;
		};
		6301AD841DC8938B006A1E7E /* Debug */ = {
			isa = XCBuildConfiguration;
			baseConfigurationReference = 6301AD8E1DC89474006A1E7E /* iOS Framework.xcconfig */;
			buildSettings = {
				CLANG_ENABLE_MODULES = YES;
				DEFINES_MODULE = YES;
				LD_RUNPATH_SEARCH_PATHS = "$(inherited) @executable_path/Frameworks @loader_path/Frameworks";
				SWIFT_OPTIMIZATION_LEVEL = "-Onone";
				SWIFT_VERSION = 3.0;
			};
			name = Debug;
		};
		6301AD851DC8938B006A1E7E /* Release */ = {
			isa = XCBuildConfiguration;
			baseConfigurationReference = 6301AD8E1DC89474006A1E7E /* iOS Framework.xcconfig */;
			buildSettings = {
				CLANG_ENABLE_MODULES = YES;
				DEFINES_MODULE = YES;
				LD_RUNPATH_SEARCH_PATHS = "$(inherited) @executable_path/Frameworks @loader_path/Frameworks";
				SWIFT_VERSION = 3.0;
			};
			name = Release;
		};
/* End XCBuildConfiguration section */

/* Begin XCConfigurationList section */
		6301AD751DC8938B006A1E7E /* Build configuration list for PBXProject "Framework" */ = {
			isa = XCConfigurationList;
			buildConfigurations = (
				6301AD811DC8938B006A1E7E /* Debug */,
				6301AD821DC8938B006A1E7E /* Release */,
			);
			defaultConfigurationIsVisible = 0;
			defaultConfigurationName = Release;
		};
		6301AD831DC8938B006A1E7E /* Build configuration list for PBXNativeTarget "Framework" */ = {
			isa = XCConfigurationList;
			buildConfigurations = (
				6301AD841DC8938B006A1E7E /* Debug */,
				6301AD851DC8938B006A1E7E /* Release */,
			);
			defaultConfigurationIsVisible = 0;
		};
/* End XCConfigurationList section */
	};
	rootObject = 6301AD721DC8938B006A1E7E /* Project object */;
}
